lockfileVersion: '9.0'

settings:
  autoInstallPeers: true
  excludeLinksFromLockfile: false

importers:

  .:
    dependencies:
      marked:
        specifier: ^16.4.1
        version: 16.4.1
    devDependencies:
      '@biomejs/biome':
        specifier: ^2.2.6
        version: 2.2.6
      '@chialab/esbuild-plugin-html':
        specifier: ^0.19.0
        version: 0.19.0
      esbuild:
        specifier: ^0.25.11
        version: 0.25.11

packages:

  '@biomejs/biome@2.2.6':
    resolution: {integrity: sha512-yKTCNGhek0rL5OEW1jbLeZX8LHaM8yk7+3JRGv08my+gkpmtb5dDE+54r2ZjZx0ediFEn1pYBOJSmOdDP9xtFw==}
    engines: {node: '>=14.21.3'}
    hasBin: true

  '@biomejs/cli-darwin-arm64@2.2.6':
    resolution: {integrity: sha512-UZPmn3M45CjTYulgcrFJFZv7YmK3pTxTJDrFYlNElT2FNnkkX4fsxjExTSMeWKQYoZjvekpH5cvrYZZlWu3yfA==}
    engines: {node: '>=14.21.3'}
    cpu: [arm64]
    os: [darwin]

  '@biomejs/cli-darwin-x64@2.2.6':
    resolution: {integrity: sha512-HOUIquhHVgh/jvxyClpwlpl/oeMqntlteL89YqjuFDiZ091P0vhHccwz+8muu3nTyHWM5FQslt+4Jdcd67+xWQ==}
    engines: {node: '>=14.21.3'}
    cpu: [x64]
    os: [darwin]

  '@biomejs/cli-linux-arm64-musl@2.2.6':
    resolution: {integrity: sha512-TjCenQq3N6g1C+5UT3jE1bIiJb5MWQvulpUngTIpFsL4StVAUXucWD0SL9MCW89Tm6awWfeXBbZBAhJwjyFbRQ==}
    engines: {node: '>=14.21.3'}
    cpu: [arm64]
    os: [linux]

  '@biomejs/cli-linux-arm64@2.2.6':
    resolution: {integrity: sha512-BpGtuMJGN+o8pQjvYsUKZ+4JEErxdSmcRD/JG3mXoWc6zrcA7OkuyGFN1mDggO0Q1n7qXxo/PcupHk8gzijt5g==}
    engines: {node: '>=14.21.3'}
    cpu: [arm64]
    os: [linux]

  '@biomejs/cli-linux-x64-musl@2.2.6':
    resolution: {integrity: sha512-1ZcBux8zVM3JhWN2ZCPaYf0+ogxXG316uaoXJdgoPZcdK/rmRcRY7PqHdAos2ExzvjIdvhQp72UcveI98hgOog==}
    engines: {node: '>=14.21.3'}
    cpu: [x64]
    os: [linux]

  '@biomejs/cli-linux-x64@2.2.6':
    resolution: {integrity: sha512-1HaM/dpI/1Z68zp8ZdT6EiBq+/O/z97a2AiHMl+VAdv5/ELckFt9EvRb8hDHpk8hUMoz03gXkC7VPXOVtU7faA==}
    engines: {node: '>=14.21.3'}
    cpu: [x64]
    os: [linux]

  '@biomejs/cli-win32-arm64@2.2.6':
    resolution: {integrity: sha512-h3A88G8PGM1ryTeZyLlSdfC/gz3e95EJw9BZmA6Po412DRqwqPBa2Y9U+4ZSGUAXCsnSQE00jLV8Pyrh0d+jQw==}
    engines: {node: '>=14.21.3'}
    cpu: [arm64]
    os: [win32]

  '@biomejs/cli-win32-x64@2.2.6':
    resolution: {integrity: sha512-yx0CqeOhPjYQ5ZXgPfu8QYkgBhVJyvWe36as7jRuPrKPO5ylVDfwVtPQ+K/mooNTADW0IhxOZm3aPu16dP8yNQ==}
    engines: {node: '>=14.21.3'}
    cpu: [x64]
    os: [win32]

  '@chialab/esbuild-plugin-html@0.19.0':
    resolution: {integrity: sha512-hTxDocBMg3kGxVum9DnL0qjVOHBz11qcbYWF549fw1iQNvY4klY6ARt2crxd7IV5eIlcGUn27bV7t36YTBmM3w==}
    engines: {node: '>=18'}
    peerDependencies:
      htmlnano: ^2.0.0
    peerDependenciesMeta:
      htmlnano:
        optional: true

  '@chialab/esbuild-rna@0.19.0':
    resolution: {integrity: sha512-701y6cN/F9JEjMsJW7PcLxUq1kcReNJ69DTcw7TXLA5f5flBH7zZf+U0F/bwn3vQ2StszT8scTmlflPP4J8m3Q==}
    engines: {node: '>=18'}

  '@chialab/estransform@0.19.0':
    resolution: {integrity: sha512-w6i/RZ3SddSCDIYZLkwnK+KAseCKW3BT627San3EbzH3NRY0Gn5RqXCjX9J/mNGe2FydwAevG7O605z50woWuA==}
    engines: {node: '>=18'}

  '@chialab/node-resolve@0.19.0':
    resolution: {integrity: sha512-VaYOPbgIEVPu7ic+LAA8z2syEpEQhO1nLce0BSPs2eMubQ+mxSrH3RyXKH+CREhOnBWH3Rd3uuFZn2Rofypsbg==}
    engines: {node: '>=18'}

  '@esbuild/aix-ppc64@0.25.11':
    resolution: {integrity: sha512-Xt1dOL13m8u0WE8iplx9Ibbm+hFAO0GsU2P34UNoDGvZYkY8ifSiy6Zuc1lYxfG7svWE2fzqCUmFp5HCn51gJg==}
    engines: {node: '>=18'}
    cpu: [ppc64]
    os: [aix]

  '@esbuild/android-arm64@0.25.11':
    resolution: {integrity: sha512-9slpyFBc4FPPz48+f6jyiXOx/Y4v34TUeDDXJpZqAWQn/08lKGeD8aDp9TMn9jDz2CiEuHwfhRmGBvpnd/PWIQ==}
    engines: {node: '>=18'}
    cpu: [arm64]
    os: [android]

  '@esbuild/android-arm@0.25.11':
    resolution: {integrity: sha512-uoa7dU+Dt3HYsethkJ1k6Z9YdcHjTrSb5NUy66ZfZaSV8hEYGD5ZHbEMXnqLFlbBflLsl89Zke7CAdDJ4JI+Gg==}
    engines: {node: '>=18'}
    cpu: [arm]
    os: [android]

  '@esbuild/android-x64@0.25.11':
    resolution: {integrity: sha512-Sgiab4xBjPU1QoPEIqS3Xx+R2lezu0LKIEcYe6pftr56PqPygbB7+szVnzoShbx64MUupqoE0KyRlN7gezbl8g==}
    engines: {node: '>=18'}
    cpu: [x64]
    os: [android]

  '@esbuild/darwin-arm64@0.25.11':
    resolution: {integrity: sha512-VekY0PBCukppoQrycFxUqkCojnTQhdec0vevUL/EDOCnXd9LKWqD/bHwMPzigIJXPhC59Vd1WFIL57SKs2mg4w==}
    engines: {node: '>=18'}
    cpu: [arm64]
    os: [darwin]

  '@esbuild/darwin-x64@0.25.11':
    resolution: {integrity: sha512-+hfp3yfBalNEpTGp9loYgbknjR695HkqtY3d3/JjSRUyPg/xd6q+mQqIb5qdywnDxRZykIHs3axEqU6l1+oWEQ==}
    engines: {node: '>=18'}
    cpu: [x64]
    os: [darwin]

  '@esbuild/freebsd-arm64@0.25.11':
    resolution: {integrity: sha512-CmKjrnayyTJF2eVuO//uSjl/K3KsMIeYeyN7FyDBjsR3lnSJHaXlVoAK8DZa7lXWChbuOk7NjAc7ygAwrnPBhA==}
    engines: {node: '>=18'}
    cpu: [arm64]
    os: [freebsd]

  '@esbuild/freebsd-x64@0.25.11':
    resolution: {integrity: sha512-Dyq+5oscTJvMaYPvW3x3FLpi2+gSZTCE/1ffdwuM6G1ARang/mb3jvjxs0mw6n3Lsw84ocfo9CrNMqc5lTfGOw==}
    engines: {node: '>=18'}
    cpu: [x64]
    os: [freebsd]

  '@esbuild/linux-arm64@0.25.11':
    resolution: {integrity: sha512-Qr8AzcplUhGvdyUF08A1kHU3Vr2O88xxP0Tm8GcdVOUm25XYcMPp2YqSVHbLuXzYQMf9Bh/iKx7YPqECs6ffLA==}
    engines: {node: '>=18'}
    cpu: [arm64]
    os: [linux]

  '@esbuild/linux-arm@0.25.11':
    resolution: {integrity: sha512-TBMv6B4kCfrGJ8cUPo7vd6NECZH/8hPpBHHlYI3qzoYFvWu2AdTvZNuU/7hsbKWqu/COU7NIK12dHAAqBLLXgw==}
    engines: {node: '>=18'}
    cpu: [arm]
    os: [linux]

  '@esbuild/linux-ia32@0.25.11':
    resolution: {integrity: sha512-TmnJg8BMGPehs5JKrCLqyWTVAvielc615jbkOirATQvWWB1NMXY77oLMzsUjRLa0+ngecEmDGqt5jiDC6bfvOw==}
    engines: {node: '>=18'}
    cpu: [ia32]
    os: [linux]

  '@esbuild/linux-loong64@0.25.11':
    resolution: {integrity: sha512-DIGXL2+gvDaXlaq8xruNXUJdT5tF+SBbJQKbWy/0J7OhU8gOHOzKmGIlfTTl6nHaCOoipxQbuJi7O++ldrxgMw==}
    engines: {node: '>=18'}
    cpu: [loong64]
    os: [linux]

  '@esbuild/linux-mips64el@0.25.11':
    resolution: {integrity: sha512-Osx1nALUJu4pU43o9OyjSCXokFkFbyzjXb6VhGIJZQ5JZi8ylCQ9/LFagolPsHtgw6himDSyb5ETSfmp4rpiKQ==}
    engines: {node: '>=18'}
    cpu: [mips64el]
    os: [linux]

  '@esbuild/linux-ppc64@0.25.11':
    resolution: {integrity: sha512-nbLFgsQQEsBa8XSgSTSlrnBSrpoWh7ioFDUmwo158gIm5NNP+17IYmNWzaIzWmgCxq56vfr34xGkOcZ7jX6CPw==}
    engines: {node: '>=18'}
    cpu: [ppc64]
    os: [linux]

  '@esbuild/linux-riscv64@0.25.11':
    resolution: {integrity: sha512-HfyAmqZi9uBAbgKYP1yGuI7tSREXwIb438q0nqvlpxAOs3XnZ8RsisRfmVsgV486NdjD7Mw2UrFSw51lzUk1ww==}
    engines: {node: '>=18'}
    cpu: [riscv64]
    os: [linux]

  '@esbuild/linux-s390x@0.25.11':
    resolution: {integrity: sha512-HjLqVgSSYnVXRisyfmzsH6mXqyvj0SA7pG5g+9W7ESgwA70AXYNpfKBqh1KbTxmQVaYxpzA/SvlB9oclGPbApw==}
    engines: {node: '>=18'}
    cpu: [s390x]
    os: [linux]

  '@esbuild/linux-x64@0.25.11':
    resolution: {integrity: sha512-HSFAT4+WYjIhrHxKBwGmOOSpphjYkcswF449j6EjsjbinTZbp8PJtjsVK1XFJStdzXdy/jaddAep2FGY+wyFAQ==}
    engines: {node: '>=18'}
    cpu: [x64]
    os: [linux]

  '@esbuild/netbsd-arm64@0.25.11':
    resolution: {integrity: sha512-hr9Oxj1Fa4r04dNpWr3P8QKVVsjQhqrMSUzZzf+LZcYjZNqhA3IAfPQdEh1FLVUJSiu6sgAwp3OmwBfbFgG2Xg==}
    engines: {node: '>=18'}
    cpu: [arm64]
    os: [netbsd]

  '@esbuild/netbsd-x64@0.25.11':
    resolution: {integrity: sha512-u7tKA+qbzBydyj0vgpu+5h5AeudxOAGncb8N6C9Kh1N4n7wU1Xw1JDApsRjpShRpXRQlJLb9wY28ELpwdPcZ7A==}
    engines: {node: '>=18'}
    cpu: [x64]
    os: [netbsd]

  '@esbuild/openbsd-arm64@0.25.11':
    resolution: {integrity: sha512-Qq6YHhayieor3DxFOoYM1q0q1uMFYb7cSpLD2qzDSvK1NAvqFi8Xgivv0cFC6J+hWVw2teCYltyy9/m/14ryHg==}
    engines: {node: '>=18'}
    cpu: [arm64]
    os: [openbsd]

  '@esbuild/openbsd-x64@0.25.11':
    resolution: {integrity: sha512-CN+7c++kkbrckTOz5hrehxWN7uIhFFlmS/hqziSFVWpAzpWrQoAG4chH+nN3Be+Kzv/uuo7zhX716x3Sn2Jduw==}
    engines: {node: '>=18'}
    cpu: [x64]
    os: [openbsd]

  '@esbuild/openharmony-arm64@0.25.11':
    resolution: {integrity: sha512-rOREuNIQgaiR+9QuNkbkxubbp8MSO9rONmwP5nKncnWJ9v5jQ4JxFnLu4zDSRPf3x4u+2VN4pM4RdyIzDty/wQ==}
    engines: {node: '>=18'}
    cpu: [arm64]
    os: [openharmony]

  '@esbuild/sunos-x64@0.25.11':
    resolution: {integrity: sha512-nq2xdYaWxyg9DcIyXkZhcYulC6pQ2FuCgem3LI92IwMgIZ69KHeY8T4Y88pcwoLIjbed8n36CyKoYRDygNSGhA==}
    engines: {node: '>=18'}
    cpu: [x64]
    os: [sunos]

  '@esbuild/win32-arm64@0.25.11':
    resolution: {integrity: sha512-3XxECOWJq1qMZ3MN8srCJ/QfoLpL+VaxD/WfNRm1O3B4+AZ/BnLVgFbUV3eiRYDMXetciH16dwPbbHqwe1uU0Q==}
    engines: {node: '>=18'}
    cpu: [arm64]
    os: [win32]

  '@esbuild/win32-ia32@0.25.11':
    resolution: {integrity: sha512-3ukss6gb9XZ8TlRyJlgLn17ecsK4NSQTmdIXRASVsiS2sQ6zPPZklNJT5GR5tE/MUarymmy8kCEf5xPCNCqVOA==}
    engines: {node: '>=18'}
    cpu: [ia32]
    os: [win32]

  '@esbuild/win32-x64@0.25.11':
    resolution: {integrity: sha512-D7Hpz6A2L4hzsRpPaCYkQnGOotdUpDzSGRIv9I+1ITdHROSFUWW95ZPZWQmGka1Fg7W3zFJowyn9WGwMJ0+KPA==}
    engines: {node: '>=18'}
    cpu: [x64]
    os: [win32]

  '@napi-rs/magic-string-android-arm-eabi@0.3.4':
    resolution: {integrity: sha512-sszAYxqtzzJ4FDerDNHcqL9NhqPhj8W4DNiOanXYy50mA5oojlRtaAFPiB5ZMrWDBM32v5Q30LrmxQ4eTtu2Dg==}
    engines: {node: '>= 10'}
    cpu: [arm]
    os: [android]

  '@napi-rs/magic-string-android-arm64@0.3.4':
    resolution: {integrity: sha512-jdQ6HuO0X5rkX4MauTcWR4HWdgjakTOmmzqXg8L26+jOHVVG1LZE+Su5qvV4bP8vMb2h+vPE+JsnwqSmWymu3Q==}
    engines: {node: '>= 10'}
    cpu: [arm64]
    os: [android]

  '@napi-rs/magic-string-darwin-arm64@0.3.4':
    resolution: {integrity: sha512-6NmMtvURce9/oq09XBZmuIeI6lPLGtEJ2ZPO/QzL3nLZa6wygiCnO/sFACKYNg5/73ET5HMMTeuogE1JI+r2Lw==}
    engines: {node: '>= 10'}
    cpu: [arm64]
    os: [darwin]

  '@napi-rs/magic-string-darwin-x64@0.3.4':
    resolution: {integrity: sha512-f9LmfMiUAKDOtl0meOuLYeVb6OERrgGzrTg1Tn3R3fTAShM2kxRbfAuPE9ljuXxIFzOv/uqRNLSl/LqCJwpREA==}
    engines: {node: '>= 10'}
    cpu: [x64]
    os: [darwin]

  '@napi-rs/magic-string-freebsd-x64@0.3.4':
    resolution: {integrity: sha512-rqduQ4odiDK4QdM45xHWRTU4wtFIfpp8g8QGpz+3qqg7ivldDqbbNOrBaf6Oeu77uuEvWggnkyuChotfKgJdJQ==}
    engines: {node: '>= 10'}
    cpu: [x64]
    os: [freebsd]

  '@napi-rs/magic-string-linux-arm-gnueabihf@0.3.4':
    resolution: {integrity: sha512-pVaJEdEpiPqIfq3M4+yMAATS7Z9muDcWYn8H7GFH1ygh8GwgLgKfy/n/lG2M6zp18Mwd0x7E2E/qg9GgCyUzoQ==}
    engines: {node: '>= 10'}
    cpu: [arm]
    os: [linux]

  '@napi-rs/magic-string-linux-arm64-gnu@0.3.4':
    resolution: {integrity: sha512-9FwoAih/0tzEZx0BjYYIxWkSRMjonIn91RFM3q3MBs/evmThXUYXUqLNa1PPIkK1JoksswtDi48qWWLt8nGflQ==}
    engines: {node: '>= 10'}
    cpu: [arm64]
    os: [linux]

  '@napi-rs/magic-string-linux-arm64-musl@0.3.4':
    resolution: {integrity: sha512-wCR7R+WPOcAKmVQc1s6h6HwfwW1vL9pM8BjUY9Ljkdb8wt1LmZEmV2Sgfc1SfbRQzbyl+pKeufP6adRRQVzYDA==}
    engines: {node: '>= 10'}
    cpu: [arm64]
    os: [linux]

  '@napi-rs/magic-string-linux-x64-gnu@0.3.4':
    resolution: {integrity: sha512-sbxFDpYnt5WFbxQ1xozwOvh5A7IftqSI0WnE9O7KsQIOi0ej2dvFbfOW4tmFkvH/YP8KJELo5AhP2+kEq1DpYA==}
    engines: {node: '>= 10'}
    cpu: [x64]
    os: [linux]

  '@napi-rs/magic-string-linux-x64-musl@0.3.4':
    resolution: {integrity: sha512-jN4h/7e2Ul8v3UK5IZu38NXLMdzVWhY4uEDlnwuUAhwRh26wBQ1/pLD97Uy/Z3dFNBQPcsv60XS9fOM1YDNT6w==}
    engines: {node: '>= 10'}
    cpu: [x64]
    os: [linux]

  '@napi-rs/magic-string-win32-arm64-msvc@0.3.4':
    resolution: {integrity: sha512-gMUyTRHLWpzX2ntJFCbW2Gnla9Y/WUmbkZuW5SBAo/Jo8QojHn76Y4PNgnoXdzcsV9b/45RBxurYKAfFg9WTyg==}
    engines: {node: '>= 10'}
    cpu: [arm64]
    os: [win32]

  '@napi-rs/magic-string-win32-ia32-msvc@0.3.4':
    resolution: {integrity: sha512-QIMauMOvEHgL00K9np/c9CT/CRtLOz3mRTQqcZ9XGzSoAMrpxH71KSpDJrKl7h7Ro6TZ+hJ0C3T+JVuTCZNv4A==}
    engines: {node: '>= 10'}
    cpu: [ia32]
    os: [win32]

  '@napi-rs/magic-string-win32-x64-msvc@0.3.4':
    resolution: {integrity: sha512-V8FMSf828MzOI3P6/765MR7zHU6CUZqiyPhmAnwYoKFNxfv7oCviN/G6NcENeCdcYOvNgh5fYzaNLB96ndId5A==}
    engines: {node: '>= 10'}
    cpu: [x64]
    os: [win32]

  '@napi-rs/magic-string@0.3.4':
    resolution: {integrity: sha512-DEWl/B99RQsyMT3F9bvrXuhL01/eIQp/dtNSE3G1jQ4mTGRcP4iHWxoPZ577WrbjUinrNgvRA5+08g8fkPgimQ==}
    engines: {node: '>= 10'}

  '@oxc-parser/binding-darwin-arm64@0.8.0':
    resolution: {integrity: sha512-3Dws5Wzj9efojjqvhS4ZF+Abh0EoiI5ciOE2kdLifMzSg4fnmYAIOktoUnPEo87TNIb4SiFJ5JgPBgEyq42Eow==}
    cpu: [arm64]
    os: [darwin]

  '@oxc-parser/binding-darwin-x64@0.8.0':
    resolution: {integrity: sha512-DAUJ/mfq0Jn2VDYn69bhHTsIWj+aZ/viamexFwaLL7ntkIFmGpzAJZUlWofpY1IRJynKWW+P5AOLYXMllw4qUw==}
    cpu: [x64]
    os: [darwin]

  '@oxc-parser/binding-linux-arm64-gnu@0.8.0':
    resolution: {integrity: sha512-ZHQVey/O4K3zTIKtpfsbtJIE8MPTRHRxgY3dejaoeFQGf9C3HasgF132Yp4zN/jOUx+x8czKPVa/Af40ViyhGQ==}
    cpu: [arm64]
    os: [linux]

  '@oxc-parser/binding-linux-arm64-musl@0.8.0':
    resolution: {integrity: sha512-Diw+Tnf5v+zAYXzDoSKCZsMaroU6GoqZMS7smfDtFnZYTHWZrsTmPBLUQe7AFiG7O7tkhsCdcWjOYgbVkrSVOA==}
    cpu: [arm64]
    os: [linux]

  '@oxc-parser/binding-linux-x64-gnu@0.8.0':
    resolution: {integrity: sha512-WloqcRrtQUVEP/Sy8ZeEgF0HgBKQjOv3zLFZqbC5ipkerKriGcVbsq3fOIMOi/55AM6/UhIAjeZGnoeco72JjQ==}
    cpu: [x64]
    os: [linux]

  '@oxc-parser/binding-linux-x64-musl@0.8.0':
    resolution: {integrity: sha512-2j7BD9szwSXTvSj0Q8VE98UHGYvrgZzdLy4EyB0FilhQnopEfz+YV674rWGY2Il1VYxHJwGctrTJHvARolu37g==}
    cpu: [x64]
    os: [linux]

  '@oxc-parser/binding-win32-arm64-msvc@0.8.0':
    resolution: {integrity: sha512-mcomr1og17yCmnwn8Q7CRzrH9Va0HccWe4Ld3/u/elBsw0SEzYGVvECRzCyRglYAbKTtusz7as9Jee0RiMOMmg==}
    cpu: [arm64]
    os: [win32]

  '@oxc-parser/binding-win32-x64-msvc@0.8.0':
    resolution: {integrity: sha512-nIBkc1KZOVYUaHT3+U+gM354P3byMAIXMvlmLMbs0kWVRcI4vrzL8qwWpC6QdBQxWKZGqPEqGolv8H4dDYA9nQ==}
    cpu: [x64]
    os: [win32]

  '@parcel/source-map@2.1.1':
    resolution: {integrity: sha512-Ejx1P/mj+kMjQb8/y5XxDUn4reGdr+WyKYloBljpppUy8gs42T+BNoEOuRYqDVdgPc6NxduzIDoJS9pOFfV5Ew==}
    engines: {node: ^12.18.3 || >=14}

  cjs-module-lexer@1.4.3:
    resolution: {integrity: sha512-9z8TZaGM1pfswYeXrUpzPrkx8UnWYdhJclsiYMm6x/w5+nN+8Tf/LnAgfLGQCm59qAOxU8WwHEq2vNwF6i4j+Q==}

  detect-libc@1.0.3:
    resolution: {integrity: sha512-pGjwhsmsp4kL2RTz08wcOlGN83otlqHeD/Z5T8GXZB+/YcpQ/dgo+lbU8ZsGxV0HIvqqxo9l7mqYwyYMD9bKDg==}
    engines: {node: '>=0.10'}
    hasBin: true

  es-module-lexer@1.7.0:
    resolution: {integrity: sha512-jEQoCwk8hyb2AZziIOLhDqpm5+2ww5uIE6lkO/6jcOCusfk6LhMHpXXfBLXTZ7Ydyt0j4VoUQv6uGNYbdW+kBA==}

  esbuild@0.25.11:
    resolution: {integrity: sha512-KohQwyzrKTQmhXDW1PjCv3Tyspn9n5GcY2RTDqeORIdIJY8yKIF7sTSopFmn/wpMPW4rdPXI0UE5LJLuq3bx0Q==}
    engines: {node: '>=18'}
    hasBin: true

  marked@16.4.1:
    resolution: {integrity: sha512-ntROs7RaN3EvWfy3EZi14H4YxmT6A5YvywfhO+0pm+cH/dnSQRmdAmoFIc3B9aiwTehyk7pESH4ofyBY+V5hZg==}
    engines: {node: '>= 20'}
    hasBin: true

  oxc-parser@0.8.0:
    resolution: {integrity: sha512-ObPeMkbDX7igb7NyyAC8CbVC3fY+YmlMsxsRQ2oyFBkpQtI5tjoyqSDKbS9A9EcJvt2q89C4UoC+HjVBdLYYJg==}

snapshots:

  '@biomejs/biome@2.2.6':
    optionalDependencies:
      '@biomejs/cli-darwin-arm64': 2.2.6
      '@biomejs/cli-darwin-x64': 2.2.6
      '@biomejs/cli-linux-arm64': 2.2.6
      '@biomejs/cli-linux-arm64-musl': 2.2.6
      '@biomejs/cli-linux-x64': 2.2.6
      '@biomejs/cli-linux-x64-musl': 2.2.6
      '@biomejs/cli-win32-arm64': 2.2.6
      '@biomejs/cli-win32-x64': 2.2.6

  '@biomejs/cli-darwin-arm64@2.2.6':
    optional: true

  '@biomejs/cli-darwin-x64@2.2.6':
    optional: true

  '@biomejs/cli-linux-arm64-musl@2.2.6':
    optional: true

  '@biomejs/cli-linux-arm64@2.2.6':
    optional: true

  '@biomejs/cli-linux-x64-musl@2.2.6':
    optional: true

  '@biomejs/cli-linux-x64@2.2.6':
    optional: true

  '@biomejs/cli-win32-arm64@2.2.6':
    optional: true

  '@biomejs/cli-win32-x64@2.2.6':
    optional: true

  '@chialab/esbuild-plugin-html@0.19.0':
    dependencies:
      '@chialab/esbuild-rna': 0.19.0

  '@chialab/esbuild-rna@0.19.0':
    dependencies:
      '@chialab/estransform': 0.19.0
      '@chialab/node-resolve': 0.19.0

  '@chialab/estransform@0.19.0':
    dependencies:
      '@napi-rs/magic-string': 0.3.4
      '@parcel/source-map': 2.1.1
      cjs-module-lexer: 1.4.3
      es-module-lexer: 1.7.0
      oxc-parser: 0.8.0

  '@chialab/node-resolve@0.19.0': {}

  '@esbuild/aix-ppc64@0.25.11':
    optional: true

  '@esbuild/android-arm64@0.25.11':
    optional: true

  '@esbuild/android-arm@0.25.11':
    optional: true

  '@esbuild/android-x64@0.25.11':
    optional: true

  '@esbuild/darwin-arm64@0.25.11':
    optional: true

  '@esbuild/darwin-x64@0.25.11':
    optional: true

  '@esbuild/freebsd-arm64@0.25.11':
    optional: true

  '@esbuild/freebsd-x64@0.25.11':
    optional: true

  '@esbuild/linux-arm64@0.25.11':
    optional: true

  '@esbuild/linux-arm@0.25.11':
    optional: true

  '@esbuild/linux-ia32@0.25.11':
    optional: true

  '@esbuild/linux-loong64@0.25.11':
    optional: true

  '@esbuild/linux-mips64el@0.25.11':
    optional: true

  '@esbuild/linux-ppc64@0.25.11':
    optional: true

  '@esbuild/linux-riscv64@0.25.11':
    optional: true

  '@esbuild/linux-s390x@0.25.11':
    optional: true

  '@esbuild/linux-x64@0.25.11':
    optional: true

  '@esbuild/netbsd-arm64@0.25.11':
    optional: true

  '@esbuild/netbsd-x64@0.25.11':
    optional: true

  '@esbuild/openbsd-arm64@0.25.11':
    optional: true

  '@esbuild/openbsd-x64@0.25.11':
    optional: true

  '@esbuild/openharmony-arm64@0.25.11':
    optional: true

  '@esbuild/sunos-x64@0.25.11':
    optional: true

  '@esbuild/win32-arm64@0.25.11':
    optional: true

  '@esbuild/win32-ia32@0.25.11':
    optional: true

  '@esbuild/win32-x64@0.25.11':
    optional: true

  '@napi-rs/magic-string-android-arm-eabi@0.3.4':
    optional: true

  '@napi-rs/magic-string-android-arm64@0.3.4':
    optional: true

  '@napi-rs/magic-string-darwin-arm64@0.3.4':
    optional: true

  '@napi-rs/magic-string-darwin-x64@0.3.4':
    optional: true

  '@napi-rs/magic-string-freebsd-x64@0.3.4':
    optional: true

  '@napi-rs/magic-string-linux-arm-gnueabihf@0.3.4':
    optional: true

  '@napi-rs/magic-string-linux-arm64-gnu@0.3.4':
    optional: true

  '@napi-rs/magic-string-linux-arm64-musl@0.3.4':
    optional: true

  '@napi-rs/magic-string-linux-x64-gnu@0.3.4':
    optional: true

  '@napi-rs/magic-string-linux-x64-musl@0.3.4':
    optional: true

  '@napi-rs/magic-string-win32-arm64-msvc@0.3.4':
    optional: true

  '@napi-rs/magic-string-win32-ia32-msvc@0.3.4':
    optional: true

  '@napi-rs/magic-string-win32-x64-msvc@0.3.4':
    optional: true

  '@napi-rs/magic-string@0.3.4':
    optionalDependencies:
      '@napi-rs/magic-string-android-arm-eabi': 0.3.4
      '@napi-rs/magic-string-android-arm64': 0.3.4
      '@napi-rs/magic-string-darwin-arm64': 0.3.4
      '@napi-rs/magic-string-darwin-x64': 0.3.4
      '@napi-rs/magic-string-freebsd-x64': 0.3.4
      '@napi-rs/magic-string-linux-arm-gnueabihf': 0.3.4
      '@napi-rs/magic-string-linux-arm64-gnu': 0.3.4
      '@napi-rs/magic-string-linux-arm64-musl': 0.3.4
      '@napi-rs/magic-string-linux-x64-gnu': 0.3.4
      '@napi-rs/magic-string-linux-x64-musl': 0.3.4
      '@napi-rs/magic-string-win32-arm64-msvc': 0.3.4
      '@napi-rs/magic-string-win32-ia32-msvc': 0.3.4
      '@napi-rs/magic-string-win32-x64-msvc': 0.3.4

  '@oxc-parser/binding-darwin-arm64@0.8.0':
    optional: true

  '@oxc-parser/binding-darwin-x64@0.8.0':
    optional: true

  '@oxc-parser/binding-linux-arm64-gnu@0.8.0':
    optional: true

  '@oxc-parser/binding-linux-arm64-musl@0.8.0':
    optional: true

  '@oxc-parser/binding-linux-x64-gnu@0.8.0':
    optional: true

  '@oxc-parser/binding-linux-x64-musl@0.8.0':
    optional: true

  '@oxc-parser/binding-win32-arm64-msvc@0.8.0':
    optional: true

  '@oxc-parser/binding-win32-x64-msvc@0.8.0':
    optional: true

  '@parcel/source-map@2.1.1':
    dependencies:
      detect-libc: 1.0.3

  cjs-module-lexer@1.4.3: {}

  detect-libc@1.0.3: {}

  es-module-lexer@1.7.0: {}

  esbuild@0.25.11:
    optionalDependencies:
      '@esbuild/aix-ppc64': 0.25.11
      '@esbuild/android-arm': 0.25.11
      '@esbuild/android-arm64': 0.25.11
      '@esbuild/android-x64': 0.25.11
      '@esbuild/darwin-arm64': 0.25.11
      '@esbuild/darwin-x64': 0.25.11
      '@esbuild/freebsd-arm64': 0.25.11
      '@esbuild/freebsd-x64': 0.25.11
      '@esbuild/linux-arm': 0.25.11
      '@esbuild/linux-arm64': 0.25.11
      '@esbuild/linux-ia32': 0.25.11
      '@esbuild/linux-loong64': 0.25.11
      '@esbuild/linux-mips64el': 0.25.11
      '@esbuild/linux-ppc64': 0.25.11
      '@esbuild/linux-riscv64': 0.25.11
      '@esbuild/linux-s390x': 0.25.11
      '@esbuild/linux-x64': 0.25.11
      '@esbuild/netbsd-arm64': 0.25.11
      '@esbuild/netbsd-x64': 0.25.11
      '@esbuild/openbsd-arm64': 0.25.11
      '@esbuild/openbsd-x64': 0.25.11
      '@esbuild/openharmony-arm64': 0.25.11
      '@esbuild/sunos-x64': 0.25.11
      '@esbuild/win32-arm64': 0.25.11
      '@esbuild/win32-ia32': 0.25.11
      '@esbuild/win32-x64': 0.25.11

  marked@16.4.1: {}

  oxc-parser@0.8.0:
    optionalDependencies:
      '@oxc-parser/binding-darwin-arm64': 0.8.0
      '@oxc-parser/binding-darwin-x64': 0.8.0
      '@oxc-parser/binding-linux-arm64-gnu': 0.8.0
      '@oxc-parser/binding-linux-arm64-musl': 0.8.0
      '@oxc-parser/binding-linux-x64-gnu': 0.8.0
      '@oxc-parser/binding-linux-x64-musl': 0.8.0
      '@oxc-parser/binding-win32-arm64-msvc': 0.8.0
      '@oxc-parser/binding-win32-x64-msvc': 0.8.0
